
Microsoft Visual Studio Solution File, Format Version 12.00
# Visual Studio Version 17
VisualStudioVersion = 17.6.33829.357
MinimumVisualStudioVersion = 10.0.40219.1
Project("{FAE04EC0-301F-11D3-BF4B-00C04F79EFBC}") = "BetterNumberSystem", "BetterNumberSystem.csproj", "{08E16C7A-0929-4290-9FE9-13EFFB9DF419}"
EndProject
Global
	GlobalSection(SolutionConfigurationPlatforms) = preSolution
		Debug|Any CPU = Debug|Any CPU
		Release|Any CPU = Release|Any CPU
	EndGlobalSection
	GlobalSection(ProjectConfigurationPlatforms) = postSolution
		{08E16C7A-0929-4290-9FE9-13EFFB9DF419}.Debug|Any CPU.ActiveCfg = Debug|Any CPU
		{08E16C7A-0929-4290-9FE9-13EFFB9DF419}.Debug|Any CPU.Build.0 = Debug|Any CPU
		{08E16C7A-0929-4290-9FE9-13EFFB9DF419}.Release|Any CPU.ActiveCfg = Release|Any CPU
		{08E16C7A-0929-4290-9FE9-13EFFB9DF419}.Release|Any CPU.Build.0 = Release|Any CPU
	EndGlobalSection
	GlobalSection(SolutionProperties) = preSolution
		HideSolutionNode = FALSE
	EndGlobalSection
	GlobalSection(ExtensibilityGlobals) = postSolution
		SolutionGuid = {F51B29EB-6B46-4009-A76F-234439EC0900}
	EndGlobalSection
EndGlobal
